
Microsoft Visual Studio Solution File, Format Version 12.00
# Visual Studio Version 17
VisualStudioVersion = 17.4.33205.214
MinimumVisualStudioVersion = 10.0.40219.1
Project("{FAE04EC0-301F-11D3-BF4B-00C04F79EFBC}") = "ListBoxProject", "ListBoxProject\ListBoxProject.csproj", "{E0A58B0A-9AF4-42DD-815B-E235CE53ABA2}"
EndProject
Global
	GlobalSection(SolutionConfigurationPlatforms) = preSolution
		Debug|Any CPU = Debug|Any CPU
		Release|Any CPU = Release|Any CPU
	EndGlobalSection
	GlobalSection(ProjectConfigurationPlatforms) = postSolution
		{E0A58B0A-9AF4-42DD-815B-E235CE53ABA2}.Debug|Any CPU.ActiveCfg = Debug|Any CPU
		{E0A58B0A-9AF4-42DD-815B-E235CE53ABA2}.Debug|Any CPU.Build.0 = Debug|Any CPU
		{E0A58B0A-9AF4-42DD-815B-E235CE53ABA2}.Release|Any CPU.ActiveCfg = Release|Any CPU
		{E0A58B0A-9AF4-42DD-815B-E235CE53ABA2}.Release|Any CPU.Build.0 = Release|Any CPU
	EndGlobalSection
	GlobalSection(SolutionProperties) = preSolution
		HideSolutionNode = FALSE
	EndGlobalSection
	GlobalSection(ExtensibilityGlobals) = postSolution
		SolutionGuid = {B94916E5-54BF-47B4-9295-B8F131FD708A}
	EndGlobalSection
EndGlobal
